
Microsoft Visual Studio Solution File, Format Version 12.00
# Visual Studio 14
VisualStudioVersion = 14.0.24720.0
MinimumVisualStudioVersion = 10.0.40219.1
Project("{8BC9CEB8-8B4A-11D0-8D11-00A0C91BC942}") = "CppMPL", "CppMPL\CppMPL.vcxproj", "{A0007947-6FC0-48E0-8465-57D340FFB6CF}"
EndProject
Project("{8BC9CEB8-8B4A-11D0-8D11-00A0C91BC942}") = "TrajectoryGeneration", "TrajectoryGeneration\TrajectoryGeneration.vcxproj", "{0FB4522E-8841-427D-B07C-0CB3A6C2BFD0}"
EndProject
Project("{8BC9CEB8-8B4A-11D0-8D11-00A0C91BC942}") = "test_sqlite3", "test_sqlite3\test_sqlite3.vcxproj", "{F3F186B3-0491-4B52-A3CB-5238226C5BEA}"
EndProject
Project("{8BC9CEB8-8B4A-11D0-8D11-00A0C91BC942}") = "test_spiral3", "test_spiral3\test_spiral3.vcxproj", "{D539892B-2B60-4123-9232-E742FABA111A}"
EndProject
Project("{8BC9CEB8-8B4A-11D0-8D11-00A0C91BC942}") = "test_eigen3", "test_eigen3\test_eigen3.vcxproj", "{41EB3341-7703-45E2-A7F7-08A39F6CDB52}"
EndProject
Project("{8BC9CEB8-8B4A-11D0-8D11-00A0C91BC942}") = "mexSpiral3", "mexSpiral3\mexSpiral3.vcxproj", "{9DF04936-2AEC-401F-88A6-41E5F0A4BFB0}"
EndProject
Project("{8BC9CEB8-8B4A-11D0-8D11-00A0C91BC942}") = "libsqlite3", "libsqlite3\libsqlite3.vcxproj", "{226B894E-892C-4221-8E38-EEAAFE0C7678}"
EndProject
Project("{8BC9CEB8-8B4A-11D0-8D11-00A0C91BC942}") = "s_fun_spiral3_calc", "s_fun_spiral3_calc\s_fun_spiral3_calc.vcxproj", "{2CB48EC9-38C0-4397-A2FD-B94891123DC6}"
EndProject
Project("{8BC9CEB8-8B4A-11D0-8D11-00A0C91BC942}") = "test_road", "test_road\test_road.vcxproj", "{4C31772D-43C1-4505-8C95-A2C500A3215D}"
EndProject
Project("{8BC9CEB8-8B4A-11D0-8D11-00A0C91BC942}") = "ScenarioGeneration", "ScenarioGeneration\ScenarioGeneration.vcxproj", "{E7713855-9B55-481F-8985-45BE27414A58}"
EndProject
Project("{8BC9CEB8-8B4A-11D0-8D11-00A0C91BC942}") = "testState", "testState\testState.vcxproj", "{B55E4055-18EA-4839-9404-D72F96542062}"
EndProject
Project("{8BC9CEB8-8B4A-11D0-8D11-00A0C91BC942}") = "test_mpl", "test_mpl\test_mpl.vcxproj", "{6CD637B2-3C8F-45A4-9862-29A9510B85C8}"
EndProject
Project("{8BC9CEB8-8B4A-11D0-8D11-00A0C91BC942}") = "test_gz", "test_gz\test_gz.vcxproj", "{B96AC84D-CCA1-4145-A1CB-ED524D57AE39}"
EndProject
Project("{8BC9CEB8-8B4A-11D0-8D11-00A0C91BC942}") = "TrajectoryNN", "TrajectoryNN\TrajectoryNN.vcxproj", "{46C6DAC6-4E25-42F3-B169-7238D29E924E}"
EndProject
Project("{8BC9CEB8-8B4A-11D0-8D11-00A0C91BC942}") = "TrajectoryNN2", "TrajectoryNN2\TrajectoryNN2.vcxproj", "{B4BB9690-1659-45C9-814B-824FEC1BDDD2}"
EndProject
Global
	GlobalSection(SolutionConfigurationPlatforms) = preSolution
		Debug|x64 = Debug|x64
		Debug|x86 = Debug|x86
		Release|x64 = Release|x64
		Release|x86 = Release|x86
	EndGlobalSection
	GlobalSection(ProjectConfigurationPlatforms) = postSolution
		{A0007947-6FC0-48E0-8465-57D340FFB6CF}.Debug|x64.ActiveCfg = Debug|x64
		{A0007947-6FC0-48E0-8465-57D340FFB6CF}.Debug|x64.Build.0 = Debug|x64
		{A0007947-6FC0-48E0-8465-57D340FFB6CF}.Debug|x86.ActiveCfg = Debug|Win32
		{A0007947-6FC0-48E0-8465-57D340FFB6CF}.Debug|x86.Build.0 = Debug|Win32
		{A0007947-6FC0-48E0-8465-57D340FFB6CF}.Release|x64.ActiveCfg = Release|x64
		{A0007947-6FC0-48E0-8465-57D340FFB6CF}.Release|x64.Build.0 = Release|x64
		{A0007947-6FC0-48E0-8465-57D340FFB6CF}.Release|x86.ActiveCfg = Release|Win32
		{A0007947-6FC0-48E0-8465-57D340FFB6CF}.Release|x86.Build.0 = Release|Win32
		{0FB4522E-8841-427D-B07C-0CB3A6C2BFD0}.Debug|x64.ActiveCfg = Debug|x64
		{0FB4522E-8841-427D-B07C-0CB3A6C2BFD0}.Debug|x64.Build.0 = Debug|x64
		{0FB4522E-8841-427D-B07C-0CB3A6C2BFD0}.Debug|x86.ActiveCfg = Debug|Win32
		{0FB4522E-8841-427D-B07C-0CB3A6C2BFD0}.Debug|x86.Build.0 = Debug|Win32
		{0FB4522E-8841-427D-B07C-0CB3A6C2BFD0}.Release|x64.ActiveCfg = Release|x64
		{0FB4522E-8841-427D-B07C-0CB3A6C2BFD0}.Release|x64.Build.0 = Release|x64
		{0FB4522E-8841-427D-B07C-0CB3A6C2BFD0}.Release|x86.ActiveCfg = Release|Win32
		{0FB4522E-8841-427D-B07C-0CB3A6C2BFD0}.Release|x86.Build.0 = Release|Win32
		{F3F186B3-0491-4B52-A3CB-5238226C5BEA}.Debug|x64.ActiveCfg = Debug|x64
		{F3F186B3-0491-4B52-A3CB-5238226C5BEA}.Debug|x64.Build.0 = Debug|x64
		{F3F186B3-0491-4B52-A3CB-5238226C5BEA}.Debug|x86.ActiveCfg = Debug|Win32
		{F3F186B3-0491-4B52-A3CB-5238226C5BEA}.Debug|x86.Build.0 = Debug|Win32
		{F3F186B3-0491-4B52-A3CB-5238226C5BEA}.Release|x64.ActiveCfg = Release|x64
		{F3F186B3-0491-4B52-A3CB-5238226C5BEA}.Release|x64.Build.0 = Release|x64
		{F3F186B3-0491-4B52-A3CB-5238226C5BEA}.Release|x86.ActiveCfg = Release|Win32
		{F3F186B3-0491-4B52-A3CB-5238226C5BEA}.Release|x86.Build.0 = Release|Win32
		{D539892B-2B60-4123-9232-E742FABA111A}.Debug|x64.ActiveCfg = Debug|x64
		{D539892B-2B60-4123-9232-E742FABA111A}.Debug|x64.Build.0 = Debug|x64
		{D539892B-2B60-4123-9232-E742FABA111A}.Debug|x86.ActiveCfg = Debug|Win32
		{D539892B-2B60-4123-9232-E742FABA111A}.Debug|x86.Build.0 = Debug|Win32
		{D539892B-2B60-4123-9232-E742FABA111A}.Release|x64.ActiveCfg = Release|x64
		{D539892B-2B60-4123-9232-E742FABA111A}.Release|x64.Build.0 = Release|x64
		{D539892B-2B60-4123-9232-E742FABA111A}.Release|x86.ActiveCfg = Release|Win32
		{D539892B-2B60-4123-9232-E742FABA111A}.Release|x86.Build.0 = Release|Win32
		{41EB3341-7703-45E2-A7F7-08A39F6CDB52}.Debug|x64.ActiveCfg = Debug|x64
		{41EB3341-7703-45E2-A7F7-08A39F6CDB52}.Debug|x64.Build.0 = Debug|x64
		{41EB3341-7703-45E2-A7F7-08A39F6CDB52}.Debug|x86.ActiveCfg = Debug|Win32
		{41EB3341-7703-45E2-A7F7-08A39F6CDB52}.Debug|x86.Build.0 = Debug|Win32
		{41EB3341-7703-45E2-A7F7-08A39F6CDB52}.Release|x64.ActiveCfg = Release|x64
		{41EB3341-7703-45E2-A7F7-08A39F6CDB52}.Release|x64.Build.0 = Release|x64
		{41EB3341-7703-45E2-A7F7-08A39F6CDB52}.Release|x86.ActiveCfg = Release|Win32
		{41EB3341-7703-45E2-A7F7-08A39F6CDB52}.Release|x86.Build.0 = Release|Win32
		{9DF04936-2AEC-401F-88A6-41E5F0A4BFB0}.Debug|x64.ActiveCfg = Debug|x64
		{9DF04936-2AEC-401F-88A6-41E5F0A4BFB0}.Debug|x64.Build.0 = Debug|x64
		{9DF04936-2AEC-401F-88A6-41E5F0A4BFB0}.Debug|x86.ActiveCfg = Debug|Win32
		{9DF04936-2AEC-401F-88A6-41E5F0A4BFB0}.Debug|x86.Build.0 = Debug|Win32
		{9DF04936-2AEC-401F-88A6-41E5F0A4BFB0}.Release|x64.ActiveCfg = Release|x64
		{9DF04936-2AEC-401F-88A6-41E5F0A4BFB0}.Release|x64.Build.0 = Release|x64
		{9DF04936-2AEC-401F-88A6-41E5F0A4BFB0}.Release|x86.ActiveCfg = Release|Win32
		{9DF04936-2AEC-401F-88A6-41E5F0A4BFB0}.Release|x86.Build.0 = Release|Win32
		{226B894E-892C-4221-8E38-EEAAFE0C7678}.Debug|x64.ActiveCfg = Debug|x64
		{226B894E-892C-4221-8E38-EEAAFE0C7678}.Debug|x64.Build.0 = Debug|x64
		{226B894E-892C-4221-8E38-EEAAFE0C7678}.Debug|x86.ActiveCfg = Debug|Win32
		{226B894E-892C-4221-8E38-EEAAFE0C7678}.Debug|x86.Build.0 = Debug|Win32
		{226B894E-892C-4221-8E38-EEAAFE0C7678}.Release|x64.ActiveCfg = Release|x64
		{226B894E-892C-4221-8E38-EEAAFE0C7678}.Release|x64.Build.0 = Release|x64
		{226B894E-892C-4221-8E38-EEAAFE0C7678}.Release|x86.ActiveCfg = Release|Win32
		{226B894E-892C-4221-8E38-EEAAFE0C7678}.Release|x86.Build.0 = Release|Win32
		{2CB48EC9-38C0-4397-A2FD-B94891123DC6}.Debug|x64.ActiveCfg = Debug|x64
		{2CB48EC9-38C0-4397-A2FD-B94891123DC6}.Debug|x64.Build.0 = Debug|x64
		{2CB48EC9-38C0-4397-A2FD-B94891123DC6}.Debug|x86.ActiveCfg = Debug|Win32
		{2CB48EC9-38C0-4397-A2FD-B94891123DC6}.Debug|x86.Build.0 = Debug|Win32
		{2CB48EC9-38C0-4397-A2FD-B94891123DC6}.Release|x64.ActiveCfg = Release|x64
		{2CB48EC9-38C0-4397-A2FD-B94891123DC6}.Release|x64.Build.0 = Release|x64
		{2CB48EC9-38C0-4397-A2FD-B94891123DC6}.Release|x86.ActiveCfg = Release|Win32
		{2CB48EC9-38C0-4397-A2FD-B94891123DC6}.Release|x86.Build.0 = Release|Win32
		{4C31772D-43C1-4505-8C95-A2C500A3215D}.Debug|x64.ActiveCfg = Debug|x64
		{4C31772D-43C1-4505-8C95-A2C500A3215D}.Debug|x64.Build.0 = Debug|x64
		{4C31772D-43C1-4505-8C95-A2C500A3215D}.Debug|x86.ActiveCfg = Debug|Win32
		{4C31772D-43C1-4505-8C95-A2C500A3215D}.Debug|x86.Build.0 = Debug|Win32
		{4C31772D-43C1-4505-8C95-A2C500A3215D}.Release|x64.ActiveCfg = Release|x64
		{4C31772D-43C1-4505-8C95-A2C500A3215D}.Release|x64.Build.0 = Release|x64
		{4C31772D-43C1-4505-8C95-A2C500A3215D}.Release|x86.ActiveCfg = Release|Win32
		{4C31772D-43C1-4505-8C95-A2C500A3215D}.Release|x86.Build.0 = Release|Win32
		{E7713855-9B55-481F-8985-45BE27414A58}.Debug|x64.ActiveCfg = Debug|x64
		{E7713855-9B55-481F-8985-45BE27414A58}.Debug|x64.Build.0 = Debug|x64
		{E7713855-9B55-481F-8985-45BE27414A58}.Debug|x86.ActiveCfg = Debug|Win32
		{E7713855-9B55-481F-8985-45BE27414A58}.Debug|x86.Build.0 = Debug|Win32
		{E7713855-9B55-481F-8985-45BE27414A58}.Release|x64.ActiveCfg = Release|x64
		{E7713855-9B55-481F-8985-45BE27414A58}.Release|x64.Build.0 = Release|x64
		{E7713855-9B55-481F-8985-45BE27414A58}.Release|x86.ActiveCfg = Release|Win32
		{E7713855-9B55-481F-8985-45BE27414A58}.Release|x86.Build.0 = Release|Win32
		{B55E4055-18EA-4839-9404-D72F96542062}.Debug|x64.ActiveCfg = Debug|x64
		{B55E4055-18EA-4839-9404-D72F96542062}.Debug|x64.Build.0 = Debug|x64
		{B55E4055-18EA-4839-9404-D72F96542062}.Debug|x86.ActiveCfg = Debug|Win32
		{B55E4055-18EA-4839-9404-D72F96542062}.Debug|x86.Build.0 = Debug|Win32
		{B55E4055-18EA-4839-9404-D72F96542062}.Release|x64.ActiveCfg = Release|x64
		{B55E4055-18EA-4839-9404-D72F96542062}.Release|x64.Build.0 = Release|x64
		{B55E4055-18EA-4839-9404-D72F96542062}.Release|x86.ActiveCfg = Release|Win32
		{B55E4055-18EA-4839-9404-D72F96542062}.Release|x86.Build.0 = Release|Win32
		{6CD637B2-3C8F-45A4-9862-29A9510B85C8}.Debug|x64.ActiveCfg = Debug|x64
		{6CD637B2-3C8F-45A4-9862-29A9510B85C8}.Debug|x64.Build.0 = Debug|x64
		{6CD637B2-3C8F-45A4-9862-29A9510B85C8}.Debug|x86.ActiveCfg = Debug|Win32
		{6CD637B2-3C8F-45A4-9862-29A9510B85C8}.Debug|x86.Build.0 = Debug|Win32
		{6CD637B2-3C8F-45A4-9862-29A9510B85C8}.Release|x64.ActiveCfg = Release|x64
		{6CD637B2-3C8F-45A4-9862-29A9510B85C8}.Release|x64.Build.0 = Release|x64
		{6CD637B2-3C8F-45A4-9862-29A9510B85C8}.Release|x86.ActiveCfg = Release|Win32
		{6CD637B2-3C8F-45A4-9862-29A9510B85C8}.Release|x86.Build.0 = Release|Win32
		{B96AC84D-CCA1-4145-A1CB-ED524D57AE39}.Debug|x64.ActiveCfg = Debug|x64
		{B96AC84D-CCA1-4145-A1CB-ED524D57AE39}.Debug|x64.Build.0 = Debug|x64
		{B96AC84D-CCA1-4145-A1CB-ED524D57AE39}.Debug|x86.ActiveCfg = Debug|Win32
		{B96AC84D-CCA1-4145-A1CB-ED524D57AE39}.Debug|x86.Build.0 = Debug|Win32
		{B96AC84D-CCA1-4145-A1CB-ED524D57AE39}.Release|x64.ActiveCfg = Release|x64
		{B96AC84D-CCA1-4145-A1CB-ED524D57AE39}.Release|x64.Build.0 = Release|x64
		{B96AC84D-CCA1-4145-A1CB-ED524D57AE39}.Release|x86.ActiveCfg = Release|Win32
		{B96AC84D-CCA1-4145-A1CB-ED524D57AE39}.Release|x86.Build.0 = Release|Win32
		{46C6DAC6-4E25-42F3-B169-7238D29E924E}.Debug|x64.ActiveCfg = Debug|x64
		{46C6DAC6-4E25-42F3-B169-7238D29E924E}.Debug|x64.Build.0 = Debug|x64
		{46C6DAC6-4E25-42F3-B169-7238D29E924E}.Debug|x86.ActiveCfg = Debug|Win32
		{46C6DAC6-4E25-42F3-B169-7238D29E924E}.Debug|x86.Build.0 = Debug|Win32
		{46C6DAC6-4E25-42F3-B169-7238D29E924E}.Release|x64.ActiveCfg = Release|x64
		{46C6DAC6-4E25-42F3-B169-7238D29E924E}.Release|x64.Build.0 = Release|x64
		{46C6DAC6-4E25-42F3-B169-7238D29E924E}.Release|x86.ActiveCfg = Release|Win32
		{46C6DAC6-4E25-42F3-B169-7238D29E924E}.Release|x86.Build.0 = Release|Win32
		{B4BB9690-1659-45C9-814B-824FEC1BDDD2}.Debug|x64.ActiveCfg = Debug|x64
		{B4BB9690-1659-45C9-814B-824FEC1BDDD2}.Debug|x64.Build.0 = Debug|x64
		{B4BB9690-1659-45C9-814B-824FEC1BDDD2}.Debug|x86.ActiveCfg = Debug|Win32
		{B4BB9690-1659-45C9-814B-824FEC1BDDD2}.Debug|x86.Build.0 = Debug|Win32
		{B4BB9690-1659-45C9-814B-824FEC1BDDD2}.Release|x64.ActiveCfg = Release|x64
		{B4BB9690-1659-45C9-814B-824FEC1BDDD2}.Release|x64.Build.0 = Release|x64
		{B4BB9690-1659-45C9-814B-824FEC1BDDD2}.Release|x86.ActiveCfg = Release|Win32
		{B4BB9690-1659-45C9-814B-824FEC1BDDD2}.Release|x86.Build.0 = Release|Win32
	EndGlobalSection
	GlobalSection(SolutionProperties) = preSolution
		HideSolutionNode = FALSE
	EndGlobalSection
EndGlobal
